# THIS IS AN AUTOGENERATED FILE. DO NOT EDIT THIS FILE DIRECTLY.
# yarn lockfile v1
# bun ./bun.lockb --hash: 5A3F433B6B5C5B66-d9a51ff5aabf7e2d-C1F5125D9F70919C-e9607ec8ae7e949f


"@actions/core@^1.9.1":
  version "1.9.1"
  resolved "https://registry.npmjs.org/@actions/core/-/core-1.9.1.tgz"
  integrity sha512-5ad+U2YGrmmiw6du20AQW5XuWo7UKN2052FjSV7MX+Wfjf8sCqcsZe62NfgHys4QI4/Y+vQvLKYL8jWtA1ZBTA==
  dependencies:
    "@actions/http-client" "^2.0.1"
    uuid "^8.3.2"

"@actions/github@^5.0.3":
  version "5.0.3"
  resolved "https://registry.npmjs.org/@actions/github/-/github-5.0.3.tgz"
  integrity sha512-myjA/pdLQfhUGLtRZC/J4L1RXOG4o6aYdiEq+zr5wVVKljzbFld+xv10k1FX6IkIJtNxbAq44BdwSNpQ015P0A==
  dependencies:
    "@actions/http-client" "^2.0.1"
    "@octokit/core" "^3.6.0"
    "@octokit/plugin-paginate-rest" "^2.17.0"
    "@octokit/plugin-rest-endpoint-methods" "^5.13.0"

"@actions/http-client@^2.0.1":
  version "2.0.1"
  resolved "https://registry.npmjs.org/@actions/http-client/-/http-client-2.0.1.tgz"
  integrity sha512-PIXiMVtz6VvyaRsGY268qvj57hXQEpsYogYOu2nrQhlf+XCGmZstmuZBbAybUl1nQGnvS1k1eEsQ69ZoD7xlSw==
  dependencies:
    tunnel "^0.0.6"

"@esbuild/linux-loong64@0.15.7":
  version "0.15.7"
  resolved "https://registry.npmjs.org/@esbuild/linux-loong64/-/linux-loong64-0.15.7.tgz"
  integrity sha512-IKznSJOsVUuyt7cDzzSZyqBEcZe+7WlBqTVXiF1OXP/4Nm387ToaXZ0fyLwI1iBlI/bzpxVq411QE2/Bt2XWWw==

"@octokit/auth-token@^2.4.4":
  version "2.5.0"
  resolved "https://registry.npmjs.org/@octokit/auth-token/-/auth-token-2.5.0.tgz"
  integrity sha512-r5FVUJCOLl19AxiuZD2VRZ/ORjp/4IN98Of6YJoJOkY75CIBuYfmiNHGrDwXr+aLGG55igl9QrxX3hbiXlLb+g==
  dependencies:
    "@octokit/types" "^6.0.3"

"@octokit/core@^3.6.0":
  version "3.6.0"
  resolved "https://registry.npmjs.org/@octokit/core/-/core-3.6.0.tgz"
  integrity sha512-7RKRKuA4xTjMhY+eG3jthb3hlZCsOwg3rztWh75Xc+ShDWOfDDATWbeZpAHBNRpm4Tv9WgBMOy1zEJYXG6NJ7Q==
  dependencies:
    "@octokit/auth-token" "^2.4.4"
    "@octokit/graphql" "^4.5.8"
    "@octokit/request" "^5.6.3"
    "@octokit/request-error" "^2.0.5"
    "@octokit/types" "^6.0.3"
    before-after-hook "^2.2.0"
    universal-user-agent "^6.0.0"

"@octokit/endpoint@^6.0.1":
  version "6.0.12"
  resolved "https://registry.npmjs.org/@octokit/endpoint/-/endpoint-6.0.12.tgz"
  integrity sha512-lF3puPwkQWGfkMClXb4k/eUT/nZKQfxinRWJrdZaJO85Dqwo/G0yOC434Jr2ojwafWJMYqFGFa5ms4jJUgujdA==
  dependencies:
    "@octokit/types" "^6.0.3"
    is-plain-object "^5.0.0"
    universal-user-agent "^6.0.0"

"@octokit/graphql@^4.5.8":
  version "4.8.0"
  resolved "https://registry.npmjs.org/@octokit/graphql/-/graphql-4.8.0.tgz"
  integrity sha512-0gv+qLSBLKF0z8TKaSKTsS39scVKF9dbMxJpj3U0vC7wjNWFuIpL/z76Qe2fiuCbDRcJSavkXsVtMS6/dtQQsg==
  dependencies:
    "@octokit/request" "^5.6.0"
    "@octokit/types" "^6.0.3"
    universal-user-agent "^6.0.0"

"@octokit/openapi-types@^12.11.0":
  version "12.11.0"
  resolved "https://registry.npmjs.org/@octokit/openapi-types/-/openapi-types-12.11.0.tgz"
  integrity sha512-VsXyi8peyRq9PqIz/tpqiL2w3w80OgVMwBHltTml3LmVvXiphgeqmY9mvBw9Wu7e0QWk/fqD37ux8yP5uVekyQ==

"@octokit/plugin-paginate-rest@^2.17.0":
  version "2.21.3"
  resolved "https://registry.npmjs.org/@octokit/plugin-paginate-rest/-/plugin-paginate-rest-2.21.3.tgz"
  integrity sha512-aCZTEf0y2h3OLbrgKkrfFdjRL6eSOo8komneVQJnYecAxIej7Bafor2xhuDJOIFau4pk0i/P28/XgtbyPF0ZHw==
  dependencies:
    "@octokit/types" "^6.40.0"

"@octokit/plugin-rest-endpoint-methods@^5.13.0":
  version "5.16.2"
  resolved "https://registry.npmjs.org/@octokit/plugin-rest-endpoint-methods/-/plugin-rest-endpoint-methods-5.16.2.tgz"
  integrity sha512-8QFz29Fg5jDuTPXVtey05BLm7OB+M8fnvE64RNegzX7U+5NUXcOcnpTIK0YfSHBg8gYd0oxIq3IZTe9SfPZiRw==
  dependencies:
    "@octokit/types" "^6.39.0"
    deprecation "^2.3.1"

"@octokit/request@^5.6.0", "@octokit/request@^5.6.3":
  version "5.6.3"
  resolved "https://registry.npmjs.org/@octokit/request/-/request-5.6.3.tgz"
  integrity sha512-bFJl0I1KVc9jYTe9tdGGpAMPy32dLBXXo1dS/YwSCTL/2nd9XeHsY616RE3HPXDVk+a+dBuzyz5YdlXwcDTr2A==
  dependencies:
    "@octokit/endpoint" "^6.0.1"
    "@octokit/request-error" "^2.1.0"
    "@octokit/types" "^6.16.1"
    is-plain-object "^5.0.0"
    node-fetch "^2.6.7"
    universal-user-agent "^6.0.0"

"@octokit/request-error@^2.0.5", "@octokit/request-error@^2.1.0":
  version "2.1.0"
  resolved "https://registry.npmjs.org/@octokit/request-error/-/request-error-2.1.0.tgz"
  integrity sha512-1VIvgXxs9WHSjicsRwq8PlR2LR2x6DwsJAaFgzdi0JfJoGSO8mYI/cHJQ+9FbN21aa+DrgNLnwObmyeSC8Rmpg==
  dependencies:
    "@octokit/types" "^6.0.3"
    deprecation "^2.0.0"
    once "^1.4.0"

"@octokit/types@^6.0.3", "@octokit/types@^6.16.1", "@octokit/types@^6.39.0", "@octokit/types@^6.40.0":
  version "6.41.0"
  resolved "https://registry.npmjs.org/@octokit/types/-/types-6.41.0.tgz"
  integrity sha512-eJ2jbzjdijiL3B4PrSQaSjuF2sPEQPVCPzBvTHJD9Nz+9dw2SGH4K4xeQJ77YfTq5bRQ+bD8wT11JbeDPmxmGg==
  dependencies:
    "@octokit/openapi-types" "^12.11.0"

"@types/node@^18.7.18":
  version "18.7.18"
  resolved "https://registry.npmjs.org/@types/node/-/node-18.7.18.tgz"
  integrity sha512-m+6nTEOadJZuTPkKR/SYK3A2d7FZrgElol9UP1Kae90VVU4a6mxnPuLiIW1m4Cq4gZ/nWb9GrdVXJCoCazDAbg==

before-after-hook@^2.2.0:
  version "2.2.2"
  resolved "https://registry.npmjs.org/before-after-hook/-/before-after-hook-2.2.2.tgz"
  integrity sha512-3pZEU3NT5BFUo/AD5ERPWOgQOCZITni6iavr5AUw5AUwQjMlI0kzu5btnyD39AF0gUEsDPwJT+oY1ORBJijPjQ==

deprecation@^2.0.0, deprecation@^2.3.1:
  version "2.3.1"
  resolved "https://registry.npmjs.org/deprecation/-/deprecation-2.3.1.tgz"
  integrity sha512-xmHIy4F3scKVwMsQ4WnVaS8bHOx0DmVwRywosKhaILI0ywMDWPtBSku2HNxRvF7jtwDRsoEwYQSfbxj8b7RlJQ==

esbuild@^0.15.7:
  version "0.15.7"
  resolved "https://registry.npmjs.org/esbuild/-/esbuild-0.15.7.tgz"
  integrity sha512-7V8tzllIbAQV1M4QoE52ImKu8hT/NLGlGXkiDsbEU5PS6K8Mn09ZnYoS+dcmHxOS9CRsV4IRAMdT3I67IyUNXw==
  dependencies:
    "@esbuild/linux-loong64" "0.15.7"
    esbuild-android-64 "0.15.7"
    esbuild-android-arm64 "0.15.7"
    esbuild-darwin-64 "0.15.7"
    esbuild-darwin-arm64 "0.15.7"
    esbuild-freebsd-64 "0.15.7"
    esbuild-freebsd-arm64 "0.15.7"
    esbuild-linux-32 "0.15.7"
    esbuild-linux-64 "0.15.7"
    esbuild-linux-arm "0.15.7"
    esbuild-linux-arm64 "0.15.7"
    esbuild-linux-mips64le "0.15.7"
    esbuild-linux-ppc64le "0.15.7"
    esbuild-linux-riscv64 "0.15.7"
    esbuild-linux-s390x "0.15.7"
    esbuild-netbsd-64 "0.15.7"
    esbuild-openbsd-64 "0.15.7"
    esbuild-sunos-64 "0.15.7"
    esbuild-windows-32 "0.15.7"
    esbuild-windows-64 "0.15.7"
    esbuild-windows-arm64 "0.15.7"

esbuild-android-64@0.15.7:
  version "0.15.7"
  resolved "https://registry.npmjs.org/esbuild-android-64/-/esbuild-android-64-0.15.7.tgz"
  integrity sha512-p7rCvdsldhxQr3YHxptf1Jcd86dlhvc3EQmQJaZzzuAxefO9PvcI0GLOa5nCWem1AJ8iMRu9w0r5TG8pHmbi9w==

esbuild-android-arm64@0.15.7:
  version "0.15.7"
  resolved "https://registry.npmjs.org/esbuild-android-arm64/-/esbuild-android-arm64-0.15.7.tgz"
  integrity sha512-L775l9ynJT7rVqRM5vo+9w5g2ysbOCfsdLV4CWanTZ1k/9Jb3IYlQ06VCI1edhcosTYJRECQFJa3eAvkx72eyQ==

esbuild-darwin-64@0.15.7:
  version "0.15.7"
  resolved "https://registry.npmjs.org/esbuild-darwin-64/-/esbuild-darwin-64-0.15.7.tgz"
  integrity sha512-KGPt3r1c9ww009t2xLB6Vk0YyNOXh7hbjZ3EecHoVDxgtbUlYstMPDaReimKe6eOEfyY4hBEEeTvKwPsiH5WZg==

esbuild-darwin-arm64@0.15.7:
  version "0.15.7"
  resolved "https://registry.npmjs.org/esbuild-darwin-arm64/-/esbuild-darwin-arm64-0.15.7.tgz"
  integrity sha512-kBIHvtVqbSGajN88lYMnR3aIleH3ABZLLFLxwL2stiuIGAjGlQW741NxVTpUHQXUmPzxi6POqc9npkXa8AcSZQ==

esbuild-freebsd-64@0.15.7:
  version "0.15.7"
  resolved "https://registry.npmjs.org/esbuild-freebsd-64/-/esbuild-freebsd-64-0.15.7.tgz"
  integrity sha512-hESZB91qDLV5MEwNxzMxPfbjAhOmtfsr9Wnuci7pY6TtEh4UDuevmGmkUIjX/b+e/k4tcNBMf7SRQ2mdNuK/HQ==

esbuild-freebsd-arm64@0.15.7:
  version "0.15.7"
  resolved "https://registry.npmjs.org/esbuild-freebsd-arm64/-/esbuild-freebsd-arm64-0.15.7.tgz"
  integrity sha512-dLFR0ChH5t+b3J8w0fVKGvtwSLWCv7GYT2Y2jFGulF1L5HftQLzVGN+6pi1SivuiVSmTh28FwUhi9PwQicXI6Q==

esbuild-linux-32@0.15.7:
  version "0.15.7"
  resolved "https://registry.npmjs.org/esbuild-linux-32/-/esbuild-linux-32-0.15.7.tgz"
  integrity sha512-v3gT/LsONGUZcjbt2swrMjwxo32NJzk+7sAgtxhGx1+ZmOFaTRXBAi1PPfgpeo/J//Un2jIKm/I+qqeo4caJvg==

esbuild-linux-64@0.15.7:
  version "0.15.7"
  resolved "https://registry.npmjs.org/esbuild-linux-64/-/esbuild-linux-64-0.15.7.tgz"
  integrity sha512-LxXEfLAKwOVmm1yecpMmWERBshl+Kv5YJ/1KnyAr6HRHFW8cxOEsEfisD3sVl/RvHyW//lhYUVSuy9jGEfIRAQ==

esbuild-linux-arm@0.15.7:
  version "0.15.7"
  resolved "https://registry.npmjs.org/esbuild-linux-arm/-/esbuild-linux-arm-0.15.7.tgz"
  integrity sha512-JKgAHtMR5f75wJTeuNQbyznZZa+pjiUHV7sRZp42UNdyXC6TiUYMW/8z8yIBAr2Fpad8hM1royZKQisqPABPvQ==

esbuild-linux-arm64@0.15.7:
  version "0.15.7"
  resolved "https://registry.npmjs.org/esbuild-linux-arm64/-/esbuild-linux-arm64-0.15.7.tgz"
  integrity sha512-P3cfhudpzWDkglutWgXcT2S7Ft7o2e3YDMrP1n0z2dlbUZghUkKCyaWw0zhp4KxEEzt/E7lmrtRu/pGWnwb9vw==

esbuild-linux-mips64le@0.15.7:
  version "0.15.7"
  resolved "https://registry.npmjs.org/esbuild-linux-mips64le/-/esbuild-linux-mips64le-0.15.7.tgz"
  integrity sha512-T7XKuxl0VpeFLCJXub6U+iybiqh0kM/bWOTb4qcPyDDwNVhLUiPcGdG2/0S7F93czUZOKP57YiLV8YQewgLHKw==

esbuild-linux-ppc64le@0.15.7:
  version "0.15.7"
  resolved "https://registry.npmjs.org/esbuild-linux-ppc64le/-/esbuild-linux-ppc64le-0.15.7.tgz"
  integrity sha512-6mGuC19WpFN7NYbecMIJjeQgvDb5aMuvyk0PDYBJrqAEMkTwg3Z98kEKuCm6THHRnrgsdr7bp4SruSAxEM4eJw==

esbuild-linux-riscv64@0.15.7:
  version "0.15.7"
  resolved "https://registry.npmjs.org/esbuild-linux-riscv64/-/esbuild-linux-riscv64-0.15.7.tgz"
  integrity sha512-uUJsezbswAYo/X7OU/P+PuL/EI9WzxsEQXDekfwpQ23uGiooxqoLFAPmXPcRAt941vjlY9jtITEEikWMBr+F/g==

esbuild-linux-s390x@0.15.7:
  version "0.15.7"
  resolved "https://registry.npmjs.org/esbuild-linux-s390x/-/esbuild-linux-s390x-0.15.7.tgz"
  integrity sha512-+tO+xOyTNMc34rXlSxK7aCwJgvQyffqEM5MMdNDEeMU3ss0S6wKvbBOQfgd5jRPblfwJ6b+bKiz0g5nABpY0QQ==

esbuild-netbsd-64@0.15.7:
  version "0.15.7"
  resolved "https://registry.npmjs.org/esbuild-netbsd-64/-/esbuild-netbsd-64-0.15.7.tgz"
  integrity sha512-yVc4Wz+Pu3cP5hzm5kIygNPrjar/v5WCSoRmIjCPWfBVJkZNb5brEGKUlf+0Y759D48BCWa0WHrWXaNy0DULTQ==

esbuild-openbsd-64@0.15.7:
  version "0.15.7"
  resolved "https://registry.npmjs.org/esbuild-openbsd-64/-/esbuild-openbsd-64-0.15.7.tgz"
  integrity sha512-GsimbwC4FSR4lN3wf8XmTQ+r8/0YSQo21rWDL0XFFhLHKlzEA4SsT1Tl8bPYu00IU6UWSJ+b3fG/8SB69rcuEQ==

esbuild-sunos-64@0.15.7:
  version "0.15.7"
  resolved "https://registry.npmjs.org/esbuild-sunos-64/-/esbuild-sunos-64-0.15.7.tgz"
  integrity sha512-8CDI1aL/ts0mDGbWzjEOGKXnU7p3rDzggHSBtVryQzkSOsjCHRVe0iFYUuhczlxU1R3LN/E7HgUO4NXzGGP/Ag==

esbuild-windows-32@0.15.7:
  version "0.15.7"
  resolved "https://registry.npmjs.org/esbuild-windows-32/-/esbuild-windows-32-0.15.7.tgz"
  integrity sha512-cOnKXUEPS8EGCzRSFa1x6NQjGhGsFlVgjhqGEbLTPsA7x4RRYiy2RKoArNUU4iR2vHmzqS5Gr84MEumO/wxYKA==

esbuild-windows-64@0.15.7:
  version "0.15.7"
  resolved "https://registry.npmjs.org/esbuild-windows-64/-/esbuild-windows-64-0.15.7.tgz"
  integrity sha512-7MI08Ec2sTIDv+zH6StNBKO+2hGUYIT42GmFyW6MBBWWtJhTcQLinKS6ldIN1d52MXIbiJ6nXyCJ+LpL4jBm3Q==

esbuild-windows-arm64@0.15.7:
  version "0.15.7"
  resolved "https://registry.npmjs.org/esbuild-windows-arm64/-/esbuild-windows-arm64-0.15.7.tgz"
  integrity sha512-R06nmqBlWjKHddhRJYlqDd3Fabx9LFdKcjoOy08YLimwmsswlFBJV4rXzZCxz/b7ZJXvrZgj8DDv1ewE9+StMw==

is-plain-object@^5.0.0:
  version "5.0.0"
  resolved "https://registry.npmjs.org/is-plain-object/-/is-plain-object-5.0.0.tgz"
  integrity sha512-VRSzKkbMm5jMDoKLbltAkFQ5Qr7VDiTFGXxYFXXowVj387GeGNOCsOH6Msy00SGZ3Fp84b1Naa1psqgcCIEP5Q==

node-fetch@^2.6.7:
  version "2.6.7"
  resolved "https://registry.npmjs.org/node-fetch/-/node-fetch-2.6.7.tgz"
  integrity sha512-ZjMPFEfVx5j+y2yF35Kzx5sF7kDzxuDj6ziH4FFbOp87zKDZNx8yExJIb05OGF4Nlt9IHFIMBkRl41VdvcNdbQ==
  dependencies:
    whatwg-url "^5.0.0"

once@^1.4.0:
  version "1.4.0"
  resolved ""
  integrity sha512-lNaJgI+2Q5URQBkccEKHTQOPaXdUxnZZElQTZY0MFUAuaEqe1E+Nyvgdz/aIyNi6Z9MzO5dv1H8n58/GELp3+w==
  dependencies:
    wrappy "1"

prettier@^2.7.1:
  version "2.7.1"
  resolved "https://registry.npmjs.org/prettier/-/prettier-2.7.1.tgz"
  integrity sha512-ujppO+MkdPqoVINuDFDRLClm7D78qbDt0/NR+wp5FqEZOoTNAjPHWj17QRhu7geIHJfcNhRk1XVQmF8Bp3ye+g==

tr46@~0.0.3:
  version "0.0.3"
  resolved "https://registry.npmjs.org/tr46/-/tr46-0.0.3.tgz"
  integrity sha512-N3WMsuqV66lT30CrXNbEjx4GEwlow3v6rr4mCcv6prnfwhS01rkgyFdjPNBYd9br7LpXV1+Emh01fHnq2Gdgrw==

tunnel@^0.0.6:
  version "0.0.6"
  resolved "https://registry.npmjs.org/tunnel/-/tunnel-0.0.6.tgz"
  integrity sha512-1h/Lnq9yajKY2PEbBadPXj3VxsDDu844OnaAo52UVmIzIvwwtBPIuNvkjuzBlTWpfJyUbG3ez0KSBibQkj4ojg==

typescript@^4.8.3:
  version "4.8.3"
  resolved "https://registry.npmjs.org/typescript/-/typescript-4.8.3.tgz"
  integrity sha512-goMHfm00nWPa8UvR/CPSvykqf6dVV8x/dp0c5mFTMTIu0u0FlGWRioyy7Nn0PGAdHxpJZnuO/ut+PpQ8UiHAig==

universal-user-agent@^6.0.0:
  version "6.0.0"
  resolved "https://registry.npmjs.org/universal-user-agent/-/universal-user-agent-6.0.0.tgz"
  integrity sha512-isyNax3wXoKaulPDZWHQqbmIx1k2tb9fb3GGDBRxCscfYV2Ch7WxPArBsFEG8s/safwXTT7H4QGhaIkTp9447w==

uuid@^8.3.2:
  version "8.3.2"
  resolved "https://registry.npmjs.org/uuid/-/uuid-8.3.2.tgz"
  integrity sha512-+NYs2QeMWy+GWFOEm9xnn6HCDp0l7QBD7ml8zLUmJ+93Q5NF0NocErnwkTkXVFNiX3/fpC6afS8Dhb/gz7R7eg==

webidl-conversions@^3.0.0:
  version "3.0.1"
  resolved "https://registry.npmjs.org/webidl-conversions/-/webidl-conversions-3.0.1.tgz"
  integrity sha512-2JAn3z8AR6rjK8Sm8orRC0h/bcl/DqL7tRPdGZ4I1CjdF+EaMLmYxBHyXuKL849eucPFhvBoxMsflfOb8kxaeQ==

whatwg-url@^5.0.0:
  version "5.0.0"
  resolved "https://registry.npmjs.org/whatwg-url/-/whatwg-url-5.0.0.tgz"
  integrity sha512-saE57nupxk6v3HY35+jzBwYa0rKSy0XR8JSxZPwgLr7ys0IBzhGviA1/TUGJLmSVqs8pb9AnvICXEuOHLprYTw==
  dependencies:
    tr46 "~0.0.3"
    webidl-conversions "^3.0.0"

wrappy@1:
  version "1.0.2"
  resolved ""
  integrity sha512-l4Sp/DRseor9wL6EvV2+TuQn63dMkPjZ/sp9XkghTEbV9KlPS1xUsZ3u7/IQO4wxtcFB4bgpQPRcR3QCvezPcQ==
